
Microsoft Visual Studio Solution File, Format Version 12.00
# Visual Studio Version 17
VisualStudioVersion = 17.1.32407.343
MinimumVisualStudioVersion = 10.0.40219.1
Project("{FAE04EC0-301F-11D3-BF4B-00C04F79EFBC}") = "Web", "Web\Web.csproj", "{4851981B-0135-461B-BF66-33F5E3117684}"
EndProject
Project("{FAE04EC0-301F-11D3-BF4B-00C04F79EFBC}") = "Entity", "Entity\Entity.csproj", "{4B82A61F-B072-48ED-8103-DD56CEA86AD7}"
EndProject
Project("{FAE04EC0-301F-11D3-BF4B-00C04F79EFBC}") = "WBL", "WBL\WBL.csproj", "{60152AA8-C711-45C4-B35F-AA80E83DD520}"
EndProject
Project("{FAE04EC0-301F-11D3-BF4B-00C04F79EFBC}") = "BD", "BD\BD.csproj", "{31C861CB-1702-4DA8-AB3C-C2F8A8D62576}"
EndProject
Project("{00D1A9C2-B5F0-4AF3-8072-F6C62B433612}") = "BaseDatos", "BaseDatos\BaseDatos.sqlproj", "{74A82FB6-B695-4AD2-9876-F183CB90DD64}"
EndProject
Global
	GlobalSection(SolutionConfigurationPlatforms) = preSolution
		Debug|Any CPU = Debug|Any CPU
		Release|Any CPU = Release|Any CPU
	EndGlobalSection
	GlobalSection(ProjectConfigurationPlatforms) = postSolution
		{4851981B-0135-461B-BF66-33F5E3117684}.Debug|Any CPU.ActiveCfg = Debug|Any CPU
		{4851981B-0135-461B-BF66-33F5E3117684}.Debug|Any CPU.Build.0 = Debug|Any CPU
		{4851981B-0135-461B-BF66-33F5E3117684}.Release|Any CPU.ActiveCfg = Release|Any CPU
		{4851981B-0135-461B-BF66-33F5E3117684}.Release|Any CPU.Build.0 = Release|Any CPU
		{4B82A61F-B072-48ED-8103-DD56CEA86AD7}.Debug|Any CPU.ActiveCfg = Debug|Any CPU
		{4B82A61F-B072-48ED-8103-DD56CEA86AD7}.Debug|Any CPU.Build.0 = Debug|Any CPU
		{4B82A61F-B072-48ED-8103-DD56CEA86AD7}.Release|Any CPU.ActiveCfg = Release|Any CPU
		{4B82A61F-B072-48ED-8103-DD56CEA86AD7}.Release|Any CPU.Build.0 = Release|Any CPU
		{60152AA8-C711-45C4-B35F-AA80E83DD520}.Debug|Any CPU.ActiveCfg = Debug|Any CPU
		{60152AA8-C711-45C4-B35F-AA80E83DD520}.Debug|Any CPU.Build.0 = Debug|Any CPU
		{60152AA8-C711-45C4-B35F-AA80E83DD520}.Release|Any CPU.ActiveCfg = Release|Any CPU
		{60152AA8-C711-45C4-B35F-AA80E83DD520}.Release|Any CPU.Build.0 = Release|Any CPU
		{31C861CB-1702-4DA8-AB3C-C2F8A8D62576}.Debug|Any CPU.ActiveCfg = Debug|Any CPU
		{31C861CB-1702-4DA8-AB3C-C2F8A8D62576}.Debug|Any CPU.Build.0 = Debug|Any CPU
		{31C861CB-1702-4DA8-AB3C-C2F8A8D62576}.Release|Any CPU.ActiveCfg = Release|Any CPU
		{31C861CB-1702-4DA8-AB3C-C2F8A8D62576}.Release|Any CPU.Build.0 = Release|Any CPU
		{74A82FB6-B695-4AD2-9876-F183CB90DD64}.Debug|Any CPU.ActiveCfg = Debug|Any CPU
		{74A82FB6-B695-4AD2-9876-F183CB90DD64}.Debug|Any CPU.Build.0 = Debug|Any CPU
		{74A82FB6-B695-4AD2-9876-F183CB90DD64}.Debug|Any CPU.Deploy.0 = Debug|Any CPU
		{74A82FB6-B695-4AD2-9876-F183CB90DD64}.Release|Any CPU.ActiveCfg = Release|Any CPU
		{74A82FB6-B695-4AD2-9876-F183CB90DD64}.Release|Any CPU.Build.0 = Release|Any CPU
		{74A82FB6-B695-4AD2-9876-F183CB90DD64}.Release|Any CPU.Deploy.0 = Release|Any CPU
	EndGlobalSection
	GlobalSection(SolutionProperties) = preSolution
		HideSolutionNode = FALSE
	EndGlobalSection
	GlobalSection(ExtensibilityGlobals) = postSolution
		SolutionGuid = {13FA5251-7034-4731-8128-8D7AC08F4BE4}
	EndGlobalSection
EndGlobal
